# This file is automatically @generated by Cargo.
# It is not intended for manual editing.
version = 4

[[package]]
name = "xper-application"
version = "0.1.0"
dependencies = [
 "xper-domain",
]

[[package]]
name = "xper-cli"
version = "0.1.0"
dependencies = [
 "xper-application",
 "xper-config",
 "xper-protocol",
 "xper-store-sqlite",
]

[[package]]
name = "xper-config"
version = "0.1.0"
dependencies = [
 "xper-application",
]

[[package]]
name = "xper-domain"
version = "0.1.0"

[[package]]
name = "xper-protocol"
version = "0.1.0"

[[package]]
name = "xper-store-sqlite"
version = "0.1.0"
dependencies = [
 "xper-application",
]
